
Microsoft Visual Studio Solution File, Format Version 12.00
# Visual Studio Version 17
VisualStudioVersion = 17.6.33801.468
MinimumVisualStudioVersion = 10.0.40219.1
Project("{9A19103F-16F7-4668-BE54-9A1E7A4F7556}") = "RabbitMQ.Consumer", "RabbitMQ.Consumer\RabbitMQ.Consumer.csproj", "{1D79361E-0242-4B58-8FDD-8B16B4AD21EE}"
EndProject
Project("{9A19103F-16F7-4668-BE54-9A1E7A4F7556}") = "RabbitMQ.DirectExchange.Consumer", "RabbitMQ.DirectExchange.Consumer\RabbitMQ.DirectExchange.Consumer.csproj", "{91E9E430-483A-43A2-8097-204CDBBA68C0}"
EndProject
Project("{9A19103F-16F7-4668-BE54-9A1E7A4F7556}") = "RabbitMQ.FanoutExchange.Consumer", "RabbitMQ.FanoutExchange.Consumer\RabbitMQ.FanoutExchange.Consumer.csproj", "{240B0CAD-DBFB-4C97-B7F7-6DB733C76122}"
EndProject
Project("{9A19103F-16F7-4668-BE54-9A1E7A4F7556}") = "RabbitMQ.TopicExchange.Consumer", "RabbitMQ.TopicExchange.Consumer\RabbitMQ.TopicExchange.Consumer.csproj", "{4F880ED7-2455-4AB2-9BE9-CF52FEA6880C}"
EndProject
Project("{9A19103F-16F7-4668-BE54-9A1E7A4F7556}") = "RabbitMQ.HeaderExchange.Consumer", "RabbitMQ.HeaderExchange.Consumer\RabbitMQ.HeaderExchange.Consumer.csproj", "{8836ED8A-C4F5-4533-9C0D-342151658B98}"
EndProject
Project("{9A19103F-16F7-4668-BE54-9A1E7A4F7556}") = "RabbitMQ.MessageTemplates.Consumer", "RabbitMQ.MessageTemplates.Consumer\RabbitMQ.MessageTemplates.Consumer.csproj", "{34E046EC-801E-437E-9843-3595E3F875D2}"
EndProject
Project("{FAE04EC0-301F-11D3-BF4B-00C04F79EFBC}") = "RabbitMQ.ESB.MassTransit.Shared", "RabbitMQ.ESB.MassTransit.Shared\RabbitMQ.ESB.MassTransit.Shared.csproj", "{D8ACDDE1-ACCA-4E1F-933D-49EE7D15ED68}"
EndProject
Project("{FAE04EC0-301F-11D3-BF4B-00C04F79EFBC}") = "RabbitMQ.ESB.MassTransit.Consumer", "RabbitMQ.ESB.MassTransit.Consumer\RabbitMQ.ESB.MassTransit.Consumer.csproj", "{FA8822DD-2B1F-4A4C-87D8-EFD4002E2E8A}"
EndProject
Project("{FAE04EC0-301F-11D3-BF4B-00C04F79EFBC}") = "RabbitMQ.ESB.MassTransit.WorkerService.Consumer", "RabbitMQ.ESB.MassTransit.WorkerService.Consumer\RabbitMQ.ESB.MassTransit.WorkerService.Consumer.csproj", "{69765986-B4A2-4C7F-8074-F2488C13CE50}"
EndProject
Global
	GlobalSection(SolutionConfigurationPlatforms) = preSolution
		Debug|Any CPU = Debug|Any CPU
		Release|Any CPU = Release|Any CPU
	EndGlobalSection
	GlobalSection(ProjectConfigurationPlatforms) = postSolution
		{1D79361E-0242-4B58-8FDD-8B16B4AD21EE}.Debug|Any CPU.ActiveCfg = Debug|Any CPU
		{1D79361E-0242-4B58-8FDD-8B16B4AD21EE}.Debug|Any CPU.Build.0 = Debug|Any CPU
		{1D79361E-0242-4B58-8FDD-8B16B4AD21EE}.Release|Any CPU.ActiveCfg = Release|Any CPU
		{1D79361E-0242-4B58-8FDD-8B16B4AD21EE}.Release|Any CPU.Build.0 = Release|Any CPU
		{91E9E430-483A-43A2-8097-204CDBBA68C0}.Debug|Any CPU.ActiveCfg = Debug|Any CPU
		{91E9E430-483A-43A2-8097-204CDBBA68C0}.Debug|Any CPU.Build.0 = Debug|Any CPU
		{91E9E430-483A-43A2-8097-204CDBBA68C0}.Release|Any CPU.ActiveCfg = Release|Any CPU
		{91E9E430-483A-43A2-8097-204CDBBA68C0}.Release|Any CPU.Build.0 = Release|Any CPU
		{240B0CAD-DBFB-4C97-B7F7-6DB733C76122}.Debug|Any CPU.ActiveCfg = Debug|Any CPU
		{240B0CAD-DBFB-4C97-B7F7-6DB733C76122}.Debug|Any CPU.Build.0 = Debug|Any CPU
		{240B0CAD-DBFB-4C97-B7F7-6DB733C76122}.Release|Any CPU.ActiveCfg = Release|Any CPU
		{240B0CAD-DBFB-4C97-B7F7-6DB733C76122}.Release|Any CPU.Build.0 = Release|Any CPU
		{4F880ED7-2455-4AB2-9BE9-CF52FEA6880C}.Debug|Any CPU.ActiveCfg = Debug|Any CPU
		{4F880ED7-2455-4AB2-9BE9-CF52FEA6880C}.Debug|Any CPU.Build.0 = Debug|Any CPU
		{4F880ED7-2455-4AB2-9BE9-CF52FEA6880C}.Release|Any CPU.ActiveCfg = Release|Any CPU
		{4F880ED7-2455-4AB2-9BE9-CF52FEA6880C}.Release|Any CPU.Build.0 = Release|Any CPU
		{8836ED8A-C4F5-4533-9C0D-342151658B98}.Debug|Any CPU.ActiveCfg = Debug|Any CPU
		{8836ED8A-C4F5-4533-9C0D-342151658B98}.Debug|Any CPU.Build.0 = Debug|Any CPU
		{8836ED8A-C4F5-4533-9C0D-342151658B98}.Release|Any CPU.ActiveCfg = Release|Any CPU
		{8836ED8A-C4F5-4533-9C0D-342151658B98}.Release|Any CPU.Build.0 = Release|Any CPU
		{34E046EC-801E-437E-9843-3595E3F875D2}.Debug|Any CPU.ActiveCfg = Debug|Any CPU
		{34E046EC-801E-437E-9843-3595E3F875D2}.Debug|Any CPU.Build.0 = Debug|Any CPU
		{34E046EC-801E-437E-9843-3595E3F875D2}.Release|Any CPU.ActiveCfg = Release|Any CPU
		{34E046EC-801E-437E-9843-3595E3F875D2}.Release|Any CPU.Build.0 = Release|Any CPU
		{D8ACDDE1-ACCA-4E1F-933D-49EE7D15ED68}.Debug|Any CPU.ActiveCfg = Debug|Any CPU
		{D8ACDDE1-ACCA-4E1F-933D-49EE7D15ED68}.Debug|Any CPU.Build.0 = Debug|Any CPU
		{D8ACDDE1-ACCA-4E1F-933D-49EE7D15ED68}.Release|Any CPU.ActiveCfg = Release|Any CPU
		{D8ACDDE1-ACCA-4E1F-933D-49EE7D15ED68}.Release|Any CPU.Build.0 = Release|Any CPU
		{FA8822DD-2B1F-4A4C-87D8-EFD4002E2E8A}.Debug|Any CPU.ActiveCfg = Debug|Any CPU
		{FA8822DD-2B1F-4A4C-87D8-EFD4002E2E8A}.Debug|Any CPU.Build.0 = Debug|Any CPU
		{FA8822DD-2B1F-4A4C-87D8-EFD4002E2E8A}.Release|Any CPU.ActiveCfg = Release|Any CPU
		{FA8822DD-2B1F-4A4C-87D8-EFD4002E2E8A}.Release|Any CPU.Build.0 = Release|Any CPU
		{69765986-B4A2-4C7F-8074-F2488C13CE50}.Debug|Any CPU.ActiveCfg = Debug|Any CPU
		{69765986-B4A2-4C7F-8074-F2488C13CE50}.Debug|Any CPU.Build.0 = Debug|Any CPU
		{69765986-B4A2-4C7F-8074-F2488C13CE50}.Release|Any CPU.ActiveCfg = Release|Any CPU
		{69765986-B4A2-4C7F-8074-F2488C13CE50}.Release|Any CPU.Build.0 = Release|Any CPU
	EndGlobalSection
	GlobalSection(SolutionProperties) = preSolution
		HideSolutionNode = FALSE
	EndGlobalSection
	GlobalSection(ExtensibilityGlobals) = postSolution
		SolutionGuid = {E8FD577A-2DD4-4B55-AAD1-52E45C82114E}
	EndGlobalSection
EndGlobal
